
Microsoft Visual Studio Solution File, Format Version 12.00
# Visual Studio Version 16
VisualStudioVersion = 16.0.31702.278
MinimumVisualStudioVersion = 10.0.40219.1
Project("{FAE04EC0-301F-11D3-BF4B-00C04F79EFBC}") = "ModelStepStatistics", "ModelStepStatistics\ModelStepStatistics.csproj", "{56620B7D-BCCB-4DAB-A35A-34F81D4C936C}"
EndProject
Project("{FAE04EC0-301F-11D3-BF4B-00C04F79EFBC}") = "StepStatisticsViewWPF", "StepStatisticsViewWPF\StepStatisticsViewWPF.csproj", "{32611C80-98B3-4321-BFF0-7966AF2F9D19}"
EndProject
Project("{FAE04EC0-301F-11D3-BF4B-00C04F79EFBC}") = "ViewModelStepStatistics", "ViewModelStepStatistics\ViewModelStepStatistics.csproj", "{6DCFF583-5B5E-4ABD-8221-A3F92A3B465A}"
EndProject
Global
	GlobalSection(SolutionConfigurationPlatforms) = preSolution
		Debug|Any CPU = Debug|Any CPU
		Release|Any CPU = Release|Any CPU
	EndGlobalSection
	GlobalSection(ProjectConfigurationPlatforms) = postSolution
		{56620B7D-BCCB-4DAB-A35A-34F81D4C936C}.Debug|Any CPU.ActiveCfg = Debug|Any CPU
		{56620B7D-BCCB-4DAB-A35A-34F81D4C936C}.Debug|Any CPU.Build.0 = Debug|Any CPU
		{56620B7D-BCCB-4DAB-A35A-34F81D4C936C}.Release|Any CPU.ActiveCfg = Release|Any CPU
		{56620B7D-BCCB-4DAB-A35A-34F81D4C936C}.Release|Any CPU.Build.0 = Release|Any CPU
		{32611C80-98B3-4321-BFF0-7966AF2F9D19}.Debug|Any CPU.ActiveCfg = Debug|Any CPU
		{32611C80-98B3-4321-BFF0-7966AF2F9D19}.Debug|Any CPU.Build.0 = Debug|Any CPU
		{32611C80-98B3-4321-BFF0-7966AF2F9D19}.Release|Any CPU.ActiveCfg = Release|Any CPU
		{32611C80-98B3-4321-BFF0-7966AF2F9D19}.Release|Any CPU.Build.0 = Release|Any CPU
		{6DCFF583-5B5E-4ABD-8221-A3F92A3B465A}.Debug|Any CPU.ActiveCfg = Debug|Any CPU
		{6DCFF583-5B5E-4ABD-8221-A3F92A3B465A}.Debug|Any CPU.Build.0 = Debug|Any CPU
		{6DCFF583-5B5E-4ABD-8221-A3F92A3B465A}.Release|Any CPU.ActiveCfg = Release|Any CPU
		{6DCFF583-5B5E-4ABD-8221-A3F92A3B465A}.Release|Any CPU.Build.0 = Release|Any CPU
	EndGlobalSection
	GlobalSection(SolutionProperties) = preSolution
		HideSolutionNode = FALSE
	EndGlobalSection
	GlobalSection(ExtensibilityGlobals) = postSolution
		SolutionGuid = {B529F35E-DB7E-487B-9D74-DEC6186B2582}
	EndGlobalSection
EndGlobal
